
Microsoft Visual Studio Solution File, Format Version 12.00
# Visual Studio Version 17
VisualStudioVersion = 17.3.32901.215
MinimumVisualStudioVersion = 10.0.40219.1
Project("{FAE04EC0-301F-11D3-BF4B-00C04F79EFBC}") = "Тетрис", "Тетрис\Тетрис.csproj", "{26F57570-1FDD-4002-8FDC-02721470A773}"
EndProject
Global
	GlobalSection(SolutionConfigurationPlatforms) = preSolution
		Debug|Any CPU = Debug|Any CPU
		Release|Any CPU = Release|Any CPU
	EndGlobalSection
	GlobalSection(ProjectConfigurationPlatforms) = postSolution
		{26F57570-1FDD-4002-8FDC-02721470A773}.Debug|Any CPU.ActiveCfg = Debug|Any CPU
		{26F57570-1FDD-4002-8FDC-02721470A773}.Debug|Any CPU.Build.0 = Debug|Any CPU
		{26F57570-1FDD-4002-8FDC-02721470A773}.Release|Any CPU.ActiveCfg = Release|Any CPU
		{26F57570-1FDD-4002-8FDC-02721470A773}.Release|Any CPU.Build.0 = Release|Any CPU
	EndGlobalSection
	GlobalSection(SolutionProperties) = preSolution
		HideSolutionNode = FALSE
	EndGlobalSection
	GlobalSection(ExtensibilityGlobals) = postSolution
		SolutionGuid = {8A537C81-3905-49E8-B825-9CE7A62F21CB}
	EndGlobalSection
EndGlobal
